
Microsoft Visual Studio Solution File, Format Version 12.00
# Visual Studio Version 17
VisualStudioVersion = 17.7.34031.279
MinimumVisualStudioVersion = 10.0.40219.1
Project("{9A19103F-16F7-4668-BE54-9A1E7A4F7556}") = "ClassLibrarydal", "ClassLibrarydal\ClassLibrarydal.csproj", "{2D715C55-FD9D-48E9-92A9-AAD92727812F}"
EndProject
Project("{9A19103F-16F7-4668-BE54-9A1E7A4F7556}") = "ClassLibrarymodel", "ClassLibrarymodel\ClassLibrarymodel.csproj", "{76FE30E2-2631-475D-BDF6-31ABD382DE05}"
EndProject
Project("{9A19103F-16F7-4668-BE54-9A1E7A4F7556}") = "testproject", "testproject\testproject.csproj", "{E512185F-4E7C-49D5-9F3E-763F84753384}"
EndProject
Global
	GlobalSection(SolutionConfigurationPlatforms) = preSolution
		Debug|Any CPU = Debug|Any CPU
		Release|Any CPU = Release|Any CPU
	EndGlobalSection
	GlobalSection(ProjectConfigurationPlatforms) = postSolution
		{2D715C55-FD9D-48E9-92A9-AAD92727812F}.Debug|Any CPU.ActiveCfg = Debug|Any CPU
		{2D715C55-FD9D-48E9-92A9-AAD92727812F}.Debug|Any CPU.Build.0 = Debug|Any CPU
		{2D715C55-FD9D-48E9-92A9-AAD92727812F}.Release|Any CPU.ActiveCfg = Release|Any CPU
		{2D715C55-FD9D-48E9-92A9-AAD92727812F}.Release|Any CPU.Build.0 = Release|Any CPU
		{76FE30E2-2631-475D-BDF6-31ABD382DE05}.Debug|Any CPU.ActiveCfg = Debug|Any CPU
		{76FE30E2-2631-475D-BDF6-31ABD382DE05}.Debug|Any CPU.Build.0 = Debug|Any CPU
		{76FE30E2-2631-475D-BDF6-31ABD382DE05}.Release|Any CPU.ActiveCfg = Release|Any CPU
		{76FE30E2-2631-475D-BDF6-31ABD382DE05}.Release|Any CPU.Build.0 = Release|Any CPU
		{E512185F-4E7C-49D5-9F3E-763F84753384}.Debug|Any CPU.ActiveCfg = Debug|Any CPU
		{E512185F-4E7C-49D5-9F3E-763F84753384}.Debug|Any CPU.Build.0 = Debug|Any CPU
		{E512185F-4E7C-49D5-9F3E-763F84753384}.Release|Any CPU.ActiveCfg = Release|Any CPU
		{E512185F-4E7C-49D5-9F3E-763F84753384}.Release|Any CPU.Build.0 = Release|Any CPU
	EndGlobalSection
	GlobalSection(SolutionProperties) = preSolution
		HideSolutionNode = FALSE
	EndGlobalSection
	GlobalSection(ExtensibilityGlobals) = postSolution
		SolutionGuid = {F6DA18AB-F353-4A8D-80EF-1C2A794554F2}
	EndGlobalSection
EndGlobal
